
Microsoft Visual Studio Solution File, Format Version 12.00
# Visual Studio Version 17
VisualStudioVersion = 17.14.36811.4 d17.14
MinimumVisualStudioVersion = 10.0.40219.1
Project("{FAE04EC0-301F-11D3-BF4B-00C04F79EFBC}") = "Web.API", "Web.API\Web.API.csproj", "{D2AB8AAE-B6C8-4614-9122-F0147E811FB4}"
EndProject
Global
	GlobalSection(SolutionConfigurationPlatforms) = preSolution
		Debug|Any CPU = Debug|Any CPU
		Release|Any CPU = Release|Any CPU
	EndGlobalSection
	GlobalSection(ProjectConfigurationPlatforms) = postSolution
		{D2AB8AAE-B6C8-4614-9122-F0147E811FB4}.Debug|Any CPU.ActiveCfg = Debug|Any CPU
		{D2AB8AAE-B6C8-4614-9122-F0147E811FB4}.Debug|Any CPU.Build.0 = Debug|Any CPU
		{D2AB8AAE-B6C8-4614-9122-F0147E811FB4}.Release|Any CPU.ActiveCfg = Release|Any CPU
		{D2AB8AAE-B6C8-4614-9122-F0147E811FB4}.Release|Any CPU.Build.0 = Release|Any CPU
	EndGlobalSection
	GlobalSection(SolutionProperties) = preSolution
		HideSolutionNode = FALSE
	EndGlobalSection
	GlobalSection(ExtensibilityGlobals) = postSolution
		SolutionGuid = {0CE8FEF8-11CC-49FE-8989-72E8BBC004E4}
	EndGlobalSection
EndGlobal
